{
	"name": "rescript-tools-doc-md",
	"version": "0.0.0",
	"lockfileVersion": 3,
	"requires": true,
	"packages": {
		"": {
			"name": "rescript-tools-doc-md",
			"version": "0.0.0",
			"license": "MIT",
			"dependencies": {
				"@rescript/core": "git@github.com:rescript-association/rescript-core.git",
				"rescript": "^11.0.1"
			},
			"devDependencies": {
				"@rescript/tools": "^0.4.0"
			}
		},
		"node_modules/@rescript/core": {
			"version": "0.6.0",
			"resolved": "git+ssh://git@github.com/rescript-association/rescript-core.git#9edbc4d4d9009cc0035505df6f434e2934cd8c2a",
			"license": "MIT",
			"peerDependencies": {
				"rescript": "^10.1.0 || ^11.0.0-alpha.0 || next"
			}
		},
		"node_modules/@rescript/tools": {
			"version": "0.4.0",
			"resolved": "https://registry.npmjs.org/@rescript/tools/-/tools-0.4.0.tgz",
			"integrity": "sha512-WDFSpi3NykyXsboKxpwmHRzNboOCq7BXf9MX3hpg1fp5PEAxpeIIewD5FzDr9QTHM7en6yqoDXljbYXAQAJMrw==",
			"dev": true,
			"dependencies": {
				"rescript": "^11.0.0-rc.7"
			},
			"bin": {
				"rescript-tools": "npm/cli.js"
			},
			"engines": {
				"node": "*"
			}
		},
		"node_modules/rescript": {
			"version": "11.0.1",
			"resolved": "https://registry.npmjs.org/rescript/-/rescript-11.0.1.tgz",
			"integrity": "sha512-7T4PRp/d0+CBNnY6PYKffFqo9tGZlvnZpboF/n+8SKS+JZ6VvXJO7W538VPZXf3EYx1COGAWWvkF9e/HgSAqHg==",
			"hasInstallScript": true,
			"bin": {
				"bsc": "bsc",
				"bstracing": "lib/bstracing",
				"rescript": "rescript"
			},
			"engines": {
				"node": ">=10"
			}
		}
	}
}
